github.com/gempir/go-twitch-irc/v3 v3.1.0 h1:bUVZ5mADhH7KidJVcl+z79kgLJ7sjdAk4b/ylAvaLy0=
github.com/gempir/go-twitch-irc/v3 v3.1.0/go.mod h1:/W9KZIiyizVecp4PEb7kc4AlIyXKiCmvlXrzlpPUytU=
github.com/go-sql-driver/mysql v1.6.0 h1:BCTh4TKNUYmOmMUcQ3IipzF5prigylS7XXjEkfCHuOE=
github.com/go-sql-driver/mysql v1.6.0/go.mod h1:DCzpHaOWr8IXmIStZouvnhqoel9Qv2LBy8hT2VhHyBg=
